
Microsoft Visual Studio Solution File, Format Version 12.00
# Visual Studio Version 17
VisualStudioVersion = 17.7.34221.43
MinimumVisualStudioVersion = 10.0.40219.1
Project("{FAE04EC0-301F-11D3-BF4B-00C04F79EFBC}") = "LearningDateOnlyVariables", "LearningDateOnlyVariables\LearningDateOnlyVariables.csproj", "{3263591C-47D4-4D0F-9D66-BC2C0376270B}"
EndProject
Global
	GlobalSection(SolutionConfigurationPlatforms) = preSolution
		Debug|Any CPU = Debug|Any CPU
		Release|Any CPU = Release|Any CPU
	EndGlobalSection
	GlobalSection(ProjectConfigurationPlatforms) = postSolution
		{3263591C-47D4-4D0F-9D66-BC2C0376270B}.Debug|Any CPU.ActiveCfg = Debug|Any CPU
		{3263591C-47D4-4D0F-9D66-BC2C0376270B}.Debug|Any CPU.Build.0 = Debug|Any CPU
		{3263591C-47D4-4D0F-9D66-BC2C0376270B}.Release|Any CPU.ActiveCfg = Release|Any CPU
		{3263591C-47D4-4D0F-9D66-BC2C0376270B}.Release|Any CPU.Build.0 = Release|Any CPU
	EndGlobalSection
	GlobalSection(SolutionProperties) = preSolution
		HideSolutionNode = FALSE
	EndGlobalSection
	GlobalSection(ExtensibilityGlobals) = postSolution
		SolutionGuid = {16B578E3-7CE6-436F-AFB3-11942617A938}
	EndGlobalSection
EndGlobal
